# This file was autogenerated by Stack.
# You should not edit this file by hand.
# For more information, please see the documentation at:
#   https://docs.haskellstack.org/en/stable/lock_files

packages:
- completed:
    hackage: VulkanMemoryAllocator-0.7.1@sha256:12fe6e8b97c6e2305a27cae2cf258b0899513ade74d1262f9dbf8057c74aa99e,3066
    pantry-tree:
      size: 528
      sha256: ba7c23f44278e1f59944e460472dd71b33a41909376b874ac3164aa6b3d0d85c
  original:
    hackage: VulkanMemoryAllocator-0.7.1
- completed:
    hackage: vulkan-3.12@sha256:52baa4c18ddc338aab72ee87014512bd93ee92a394a10cf5244aaee129e73f5b,26824
    pantry-tree:
      size: 71158
      sha256: f4697382cce8457ffdedeb3d0160c110f3768e3f20b8d4ae3e7a2fc635be7144
  original:
    hackage: vulkan-3.12
- completed:
    hackage: vulkan-utils-0.5.2@sha256:b75029850de48895cfee66d30e5812e6ab9efb94799fc48b9e6df7e9318629e5,3954
    pantry-tree:
      size: 2225
      sha256: 9b4afed6054172f5e4e64593a2c0365620376d079afea0b25337086d800ebc9c
  original:
    hackage: vulkan-utils-0.5.2
snapshots:
- completed:
    size: 587113
    url: https://raw.githubusercontent.com/commercialhaskell/stackage-snapshots/master/lts/18/6.yaml
    sha256: f74c482d7c93739ecf3abfbc0f2dea1c20a2dfb2462c689846ed55a9653b66f7
  original: lts-18.6
