# This file was autogenerated by Stack.
# You should not edit this file by hand.
# For more information, please see the documentation at:
#   https://docs.haskellstack.org/en/stable/lock_files

packages:
- completed:
    pantry-tree:
      sha256: 52aa49156aba89629b4fdfd1266ad685a094f2559574265547ea8b17991b546f
      size: 528
    hackage: VulkanMemoryAllocator-0.10@sha256:037e11b658b3099993a3f38f287faf4ed9ac644ac2ec74788422d668bb70119d,3067
  original:
    hackage: VulkanMemoryAllocator-0.10
- completed:
    pantry-tree:
      sha256: f29b633b0fd388baab9bf7afc0b4ee17b1662341af05630b3391e4da238aefc4
      size: 79247
    hackage: vulkan-3.17@sha256:d7e57f4f77de39c0fd9447606c63fb7f5d26af5d1d0545e714dbf4019c566e5b,29740
  original:
    hackage: vulkan-3.17
- completed:
    pantry-tree:
      sha256: b9680c8a57d8d630ff362d4eabc7b81b6d2567d8bcebb14075156b9eb847928d
      size: 2225
    hackage: vulkan-utils-0.5.7@sha256:cca84cb1b3964d2fe45b3438a527bc86f6cc370354762c1395c9b8481a7308cc,3956
  original:
    hackage: vulkan-utils-0.5.7
snapshots:
- completed:
    sha256: a95a93bcb7132bf5f8ad3356998e223947852f57d4da63e0e145870ea90d9d18
    size: 619170
    url: https://raw.githubusercontent.com/commercialhaskell/stackage-snapshots/master/lts/19/19.yaml
  original: lts-19.19
